
Microsoft Visual Studio Solution File, Format Version 12.00
# Visual Studio Version 16
VisualStudioVersion = 16.0.30002.166
MinimumVisualStudioVersion = 10.0.40219.1
Project("{FAE04EC0-301F-11D3-BF4B-00C04F79EFBC}") = "ortoFotoVaja", "ortoFotoVaja\ortoFotoVaja.csproj", "{1CF5C583-9B10-49A9-A68D-1C93984A0F79}"
EndProject
Global
	GlobalSection(SolutionConfigurationPlatforms) = preSolution
		Debug|Any CPU = Debug|Any CPU
		Release|Any CPU = Release|Any CPU
	EndGlobalSection
	GlobalSection(ProjectConfigurationPlatforms) = postSolution
		{1CF5C583-9B10-49A9-A68D-1C93984A0F79}.Debug|Any CPU.ActiveCfg = Debug|Any CPU
		{1CF5C583-9B10-49A9-A68D-1C93984A0F79}.Debug|Any CPU.Build.0 = Debug|Any CPU
		{1CF5C583-9B10-49A9-A68D-1C93984A0F79}.Release|Any CPU.ActiveCfg = Release|Any CPU
		{1CF5C583-9B10-49A9-A68D-1C93984A0F79}.Release|Any CPU.Build.0 = Release|Any CPU
	EndGlobalSection
	GlobalSection(SolutionProperties) = preSolution
		HideSolutionNode = FALSE
	EndGlobalSection
	GlobalSection(ExtensibilityGlobals) = postSolution
		SolutionGuid = {CDD98F85-9FCA-4BE2-8C10-812D1A807A50}
	EndGlobalSection
EndGlobal
